
Microsoft Visual Studio Solution File, Format Version 12.00
# Visual Studio Version 16
VisualStudioVersion = 16.0.29001.49
MinimumVisualStudioVersion = 10.0.40219.1
Project("{8BC9CEB8-8B4A-11D0-8D11-00A0C91BC942}") = "C867_Roster", "C867_Roster\C867_Roster.vcxproj", "{7CBE071E-D87E-4873-89A6-0B01CF2827A1}"
EndProject
Global
	GlobalSection(SolutionConfigurationPlatforms) = preSolution
		Debug|x64 = Debug|x64
		Debug|x86 = Debug|x86
		Release|x64 = Release|x64
		Release|x86 = Release|x86
	EndGlobalSection
	GlobalSection(ProjectConfigurationPlatforms) = postSolution
		{7CBE071E-D87E-4873-89A6-0B01CF2827A1}.Debug|x64.ActiveCfg = Debug|x64
		{7CBE071E-D87E-4873-89A6-0B01CF2827A1}.Debug|x64.Build.0 = Debug|x64
		{7CBE071E-D87E-4873-89A6-0B01CF2827A1}.Debug|x86.ActiveCfg = Debug|Win32
		{7CBE071E-D87E-4873-89A6-0B01CF2827A1}.Debug|x86.Build.0 = Debug|Win32
		{7CBE071E-D87E-4873-89A6-0B01CF2827A1}.Release|x64.ActiveCfg = Release|x64
		{7CBE071E-D87E-4873-89A6-0B01CF2827A1}.Release|x64.Build.0 = Release|x64
		{7CBE071E-D87E-4873-89A6-0B01CF2827A1}.Release|x86.ActiveCfg = Release|Win32
		{7CBE071E-D87E-4873-89A6-0B01CF2827A1}.Release|x86.Build.0 = Release|Win32
	EndGlobalSection
	GlobalSection(SolutionProperties) = preSolution
		HideSolutionNode = FALSE
	EndGlobalSection
	GlobalSection(ExtensibilityGlobals) = postSolution
		SolutionGuid = {6E2019BE-0B20-4D8C-B573-90377097A5B0}
	EndGlobalSection
EndGlobal
